PODS:
  - randomizeCategoryOnNSArray (0.1.0)

DEPENDENCIES:
  - randomizeCategoryOnNSArray (from `https://github.com/mhorga/testPod.git`)

EXTERNAL SOURCES:
  randomizeCategoryOnNSArray:
    :git: https://github.com/mhorga/testPod.git

CHECKOUT OPTIONS:
  randomizeCategoryOnNSArray:
    :commit: 45509fda0be48b9b58d5f9660798bd7c1621ba2d
    :git: https://github.com/mhorga/testPod.git

SPEC CHECKSUMS:
  randomizeCategoryOnNSArray: aab572495b31116bfc889f0885cbf2ec07f5f62a

COCOAPODS: 0.36.0.beta.1
